
Microsoft Visual Studio Solution File, Format Version 12.00
# Visual Studio 14
VisualStudioVersion = 14.0.23107.0
MinimumVisualStudioVersion = 10.0.40219.1
Project("{FAE04EC0-301F-11D3-BF4B-00C04F79EFBC}") = "PdfDownloaderPO.Tests", "PdfDownloaderPO.Tests\PdfDownloaderPO.Tests.csproj", "{67CFFE33-5864-4FCB-A449-81DBB6908953}"
EndProject
Project("{FAE04EC0-301F-11D3-BF4B-00C04F79EFBC}") = "PdfDownloaderPO", "PdfDownloaderPO\PdfDownloaderPO.csproj", "{33BBF632-B272-4584-A482-9AFBA5C844B1}"
EndProject
Global
	GlobalSection(SolutionConfigurationPlatforms) = preSolution
		Debug|Any CPU = Debug|Any CPU
		Release|Any CPU = Release|Any CPU
	EndGlobalSection
	GlobalSection(ProjectConfigurationPlatforms) = postSolution
		{67CFFE33-5864-4FCB-A449-81DBB6908953}.Debug|Any CPU.ActiveCfg = Debug|Any CPU
		{67CFFE33-5864-4FCB-A449-81DBB6908953}.Debug|Any CPU.Build.0 = Debug|Any CPU
		{67CFFE33-5864-4FCB-A449-81DBB6908953}.Release|Any CPU.ActiveCfg = Release|Any CPU
		{67CFFE33-5864-4FCB-A449-81DBB6908953}.Release|Any CPU.Build.0 = Release|Any CPU
		{33BBF632-B272-4584-A482-9AFBA5C844B1}.Debug|Any CPU.ActiveCfg = Debug|Any CPU
		{33BBF632-B272-4584-A482-9AFBA5C844B1}.Debug|Any CPU.Build.0 = Debug|Any CPU
		{33BBF632-B272-4584-A482-9AFBA5C844B1}.Release|Any CPU.ActiveCfg = Release|Any CPU
		{33BBF632-B272-4584-A482-9AFBA5C844B1}.Release|Any CPU.Build.0 = Release|Any CPU
	EndGlobalSection
	GlobalSection(SolutionProperties) = preSolution
		HideSolutionNode = FALSE
	EndGlobalSection
EndGlobal
